
Microsoft Visual Studio Solution File, Format Version 12.00
# Visual Studio 2017
Project("{FAE04EC0-301F-11D3-BF4B-00C04F79EFBC}") = "Fruit info", "Fruit info.csproj", "{810447FE-9E7C-34F8-8936-FD48B7F7EB7E}"
EndProject
Global
	GlobalSection(SolutionConfigurationPlatforms) = preSolution
		Debug|Any CPU = Debug|Any CPU
		Release|Any CPU = Release|Any CPU
	EndGlobalSection
	GlobalSection(ProjectConfigurationPlatforms) = postSolution
		{810447FE-9E7C-34F8-8936-FD48B7F7EB7E}.Debug|Any CPU.ActiveCfg = Debug|Any CPU
		{810447FE-9E7C-34F8-8936-FD48B7F7EB7E}.Debug|Any CPU.Build.0 = Debug|Any CPU
		{810447FE-9E7C-34F8-8936-FD48B7F7EB7E}.Release|Any CPU.ActiveCfg = Release|Any CPU
		{810447FE-9E7C-34F8-8936-FD48B7F7EB7E}.Release|Any CPU.Build.0 = Release|Any CPU
	EndGlobalSection
	GlobalSection(SolutionProperties) = preSolution
		HideSolutionNode = FALSE
	EndGlobalSection
EndGlobal
